
Microsoft Visual Studio Solution File, Format Version 12.00
# Visual Studio Version 16
VisualStudioVersion = 16.0.34031.81
MinimumVisualStudioVersion = 10.0.40219.1
Project("{FAE04EC0-301F-11D3-BF4B-00C04F79EFBC}") = "PracticEx", "PracticEx\PracticEx.csproj", "{652C59B9-0E4F-4424-8CAA-2984C7642F65}"
EndProject
Global
	GlobalSection(SolutionConfigurationPlatforms) = preSolution
		Debug|Any CPU = Debug|Any CPU
		Release|Any CPU = Release|Any CPU
	EndGlobalSection
	GlobalSection(ProjectConfigurationPlatforms) = postSolution
		{652C59B9-0E4F-4424-8CAA-2984C7642F65}.Debug|Any CPU.ActiveCfg = Debug|Any CPU
		{652C59B9-0E4F-4424-8CAA-2984C7642F65}.Debug|Any CPU.Build.0 = Debug|Any CPU
		{652C59B9-0E4F-4424-8CAA-2984C7642F65}.Release|Any CPU.ActiveCfg = Release|Any CPU
		{652C59B9-0E4F-4424-8CAA-2984C7642F65}.Release|Any CPU.Build.0 = Release|Any CPU
	EndGlobalSection
	GlobalSection(SolutionProperties) = preSolution
		HideSolutionNode = FALSE
	EndGlobalSection
	GlobalSection(ExtensibilityGlobals) = postSolution
		SolutionGuid = {178FBBC1-5FF4-4C01-AFEF-1CDFC528DF51}
	EndGlobalSection
EndGlobal
